github.com/cronokirby/saferith v0.33.0 h1:TgoQlfsD4LIwx71+ChfRcIpjkw+RPOapDEVxa+LhwLo=
github.com/cronokirby/saferith v0.33.0/go.mod h1:QKJhjoqUtBsXCAVEjw38mFqoi7DebT7kthcD7UzbnoA=
github.com/davecgh/go-spew v1.1.1 h1:vj9j/u1bqnvCEfJOwUhtlOARqs3+rkHYY13jYWTU97c=
github.com/davecgh/go-spew v1.1.1/go.mod h1:J7Y8YcW2NihsgmVo/mv3lAwl/skON4iLHjSsI+c5H38=
github.com/decred/dcrd/dcrec/secp256k1/v4 v4.2.0 h1:8UrgZ3GkP4i/CLijOJx79Yu+etlyjdBU4sfcs2WYQMs=
github.com/decred/dcrd/dcrec/secp256k1/v4 v4.2.0/go.mod h1:v57UDF4pDQJcEfFUCRop3lJL149eHGSe9Jvczhzjo/0=
github.com/fxamacker/cbor/v2 v2.4.0 h1:ri0ArlOR+5XunOP8CRUowT0pSJOwhW098ZCUyskZD88=
github.com/fxamacker/cbor/v2 v2.4.0/go.mod h1:TA1xS00nchWmaBnEIxPSE5oHLuJBAVvqrtAnWBwBCVo=
github.com/google/go-cmp v0.5.9 h1:O2Tfq5qg4qc4AmwVlvv0oLiVAGB7enBSJ2x2DqQFi38=
github.com/google/go-cmp v0.5.9/go.mod h1:17dUlkBOakJ0+DkrSSNjCkIjxS6bF9zb3elmeNGIjoY=
github.com/klauspost/cpuid/v2 v2.0.12/go.mod h1:g2LTdtYhdyuGPqyWyv7qRAmj1WBqxuObKfj5c0PQa7c=
github.com/klauspost/cpuid/v2 v2.2.5 h1:0E5MSMDEoAulmXNFquVs//DdoomxaoTY1kUhbc/qbZg=
github.com/klauspost/cpuid/v2 v2.2.5/go.mod h1:Lcz8mBdAVJIBVzewtcLocK12l3Y+JytZYpaMropDUws=
github.com/pmezard/go-difflib v1.0.0 h1:4DBwDE0NGyQoBHbLQYPwSUPoCMWR5BEzIk/f1lZbAQM=
github.com/pmezard/go-difflib v1.0.0/go.mod h1:iKH77koFhYxTK1pcRnkKkqfTogsbg7gZNVY4sRDYZ/4=
github.com/stretchr/testify v1.8.4 h1:CcVxjf3Q8PM0mHUKJCdn+eZZtm5yQwehR5yeSVQQcUk=
github.com/stretchr/testify v1.8.4/go.mod h1:sz/lmYIOXD/1dqDmKjjqLyZ2RngseejIcXlSw2iwfAo=
github.com/x448/float16 v0.8.4 h1:qLwI1I70+NjRFUR3zs1JPUCgaCXSh3SW62uAKT1mSBM=
github.com/x448/float16 v0.8.4/go.mod h1:14CWIYCyZA/cWjXOioeEpHeN/83MdbZDRQHoFcYsOfg=
github.com/xlabs/tss-common v0.0.0-20250618100133-1aabd235c631 h1:EXcCRO0f2soedEIvubKitPcZxgczJdeQZHkJdWE3Pq8=
github.com/xlabs/tss-common v0.0.0-20250618100133-1aabd235c631/go.mod h1:EBXV5kup1GsnVpEknaxXXpid87uN6Mh7NboAZhV+HNM=
github.com/xlabs/tss-common v0.0.0-20250618120842-76eedd6f3270 h1:c+I/hxmHP8X9cw/VJygsXDtgBZbs9d0TgsRdeEGN4OM=
github.com/xlabs/tss-common v0.0.0-20250618120842-76eedd6f3270/go.mod h1:EBXV5kup1GsnVpEknaxXXpid87uN6Mh7NboAZhV+HNM=
github.com/xlabs/tss-common v0.0.0-20250619054734-6d64ad900331 h1:BLwZLTIT/kE0FXZGl2DeMrzMy1CwPkwsbQewlrfha9g=
github.com/xlabs/tss-common v0.0.0-20250619054734-6d64ad900331/go.mod h1:EBXV5kup1GsnVpEknaxXXpid87uN6Mh7NboAZhV+HNM=
github.com/xlabs/tss-common v0.0.0-20250619055827-614f1b58c4a0 h1:smaZ8uMOASqqQJnjfvJkaghOis1rdaSvHGvnk97qfy8=
github.com/xlabs/tss-common v0.0.0-20250619055827-614f1b58c4a0/go.mod h1:EBXV5kup1GsnVpEknaxXXpid87uN6Mh7NboAZhV+HNM=
github.com/xlabs/tss-common v0.0.0-20250625094949-baf523666800 h1:dmgDlEpvLuoIv/FhuQsaBb1jg9baT1NQGimJVw7x/gQ=
github.com/xlabs/tss-common v0.0.0-20250625094949-baf523666800/go.mod h1:EBXV5kup1GsnVpEknaxXXpid87uN6Mh7NboAZhV+HNM=
github.com/xlabs/tss-common v0.0.0-20250627054205-0358b33fb9b6 h1:2g819TKVQzTcglTakaxWo4pbBzt5jXVwwUGUnwsCoU4=
github.com/xlabs/tss-common v0.0.0-20250627054205-0358b33fb9b6/go.mod h1:EBXV5kup1GsnVpEknaxXXpid87uN6Mh7NboAZhV+HNM=
github.com/xlabs/tss-common v0.0.0-20250627055217-5768ea5905df h1:xOT/awfDie3reAEjeR4ch0Wr+XTlwnT2cAXjw8WgYxY=
github.com/xlabs/tss-common v0.0.0-20250627055217-5768ea5905df/go.mod h1:EBXV5kup1GsnVpEknaxXXpid87uN6Mh7NboAZhV+HNM=
github.com/xlabs/tss-common v0.0.0-20250627061221-0a6547e8e6da h1:2RPJnBGFo4Ztq/Kcyd13auoplbYgv02V889g+x3mY3c=
github.com/xlabs/tss-common v0.0.0-20250627061221-0a6547e8e6da/go.mod h1:EBXV5kup1GsnVpEknaxXXpid87uN6Mh7NboAZhV+HNM=
github.com/zeebo/assert v1.1.0 h1:hU1L1vLTHsnO8x8c9KAR5GmM5QscxHg5RNU5z5qbUWY=
github.com/zeebo/assert v1.1.0/go.mod h1:Pq9JiuJQpG8JLJdtkwrJESF0Foym2/D9XMU5ciN/wJ0=
github.com/zeebo/blake3 v0.2.3 h1:TFoLXsjeXqRNFxSbk35Dk4YtszE/MQQGK10BH4ptoTg=
github.com/zeebo/blake3 v0.2.3/go.mod h1:mjJjZpnsyIVtVgTOSpJ9vmRE4wgDeyt2HU3qXvvKCaQ=
github.com/zeebo/pcg v1.0.1 h1:lyqfGeWiv4ahac6ttHs+I5hwtH/+1mrhlCtVNQM2kHo=
github.com/zeebo/pcg v1.0.1/go.mod h1:09F0S9iiKrwn9rlI5yjLkmrug154/YRW6KnnXVDM/l4=
golang.org/x/crypto v0.10.0 h1:LKqV2xt9+kDzSTfOhx4FrkEBcMrAgHSYgzywV9zcGmM=
golang.org/x/crypto v0.10.0/go.mod h1:o4eNf7Ede1fv+hwOwZsTHl9EsPFO6q6ZvYR8vYfY45I=
golang.org/x/sync v0.3.0 h1:ftCYgMx6zT/asHUrPw8BLLscYtGznsLAnjq5RH9P66E=
golang.org/x/sync v0.3.0/go.mod h1:FU7BRWz2tNW+3quACPkgCx/L+uEAv1htQ0V83Z9Rj+Y=
golang.org/x/sys v0.5.0/go.mod h1:oPkhp1MJrh7nUepCBck5+mAzfO9JrbApNNgaTdGDITg=
golang.org/x/sys v0.9.0 h1:KS/R3tvhPqvJvwcKfnBHJwwthS11LRhmM5D59eEXa0s=
golang.org/x/sys v0.9.0/go.mod h1:oPkhp1MJrh7nUepCBck5+mAzfO9JrbApNNgaTdGDITg=
google.golang.org/protobuf v1.36.6 h1:z1NpPI8ku2WgiWnf+t9wTPsn6eP1L7ksHUlkfLvd9xY=
google.golang.org/protobuf v1.36.6/go.mod h1:jduwjTPXsFjZGTmRluh+L6NjiWu7pchiJ2/5YcXBHnY=
gopkg.in/check.v1 v0.0.0-20161208181325-20d25e280405 h1:yhCVgyC4o1eVCa2tZl7eS0r+SDo693bJlVdllGtEeKM=
gopkg.in/check.v1 v0.0.0-20161208181325-20d25e280405/go.mod h1:Co6ibVJAznAaIkqp8huTwlJQCZ016jof/cbN4VW5Yz0=
gopkg.in/yaml.v3 v3.0.1 h1:fxVm/GzAzEWqLHuvctI91KS9hhNmmWOoWu0XTYJS7CA=
gopkg.in/yaml.v3 v3.0.1/go.mod h1:K4uyk7z7BCEPqu6E+C64Yfv1cQ7kz7rIZviUmN+EgEM=
